
Microsoft Visual Studio Solution File, Format Version 12.00
# Visual Studio Version 16
VisualStudioVersion = 16.0.31729.503
MinimumVisualStudioVersion = 10.0.40219.1
Project("{FAE04EC0-301F-11D3-BF4B-00C04F79EFBC}") = "TypesAndVeriables", "TypesAndVeriables\TypesAndVeriables.csproj", "{5D328ED1-2529-4B99-A13D-9B8EC975670B}"
EndProject
Project("{FAE04EC0-301F-11D3-BF4B-00C04F79EFBC}") = "Conditionals", "Conditionals\Conditionals.csproj", "{6872EA19-10DD-4A68-B14A-1A01B3DC8144}"
EndProject
Project("{FAE04EC0-301F-11D3-BF4B-00C04F79EFBC}") = "Methods", "Methods\Methods.csproj", "{2A439516-B7F8-488E-8AE3-EC6D50B58730}"
EndProject
Project("{FAE04EC0-301F-11D3-BF4B-00C04F79EFBC}") = "Arrays", "Arrays\Arrays.csproj", "{92D511C8-0D48-4943-A647-2A7A3FEF82DC}"
EndProject
Project("{FAE04EC0-301F-11D3-BF4B-00C04F79EFBC}") = "Loops", "Loops\Loops.csproj", "{4ABEA08B-A9E3-4B26-8477-A7CE45DC5237}"
EndProject
Project("{FAE04EC0-301F-11D3-BF4B-00C04F79EFBC}") = "PrimeNumber", "PrimeNumber\PrimeNumber.csproj", "{F1348698-5756-4013-ACB5-9647815BB0F5}"
EndProject
Project("{FAE04EC0-301F-11D3-BF4B-00C04F79EFBC}") = "Strings", "Strings\Strings.csproj", "{78196ED2-E585-4859-9CBE-4BBC779B07BD}"
EndProject
Project("{FAE04EC0-301F-11D3-BF4B-00C04F79EFBC}") = "Classes", "Classes\Classes.csproj", "{46654470-174B-482A-80A1-F55174865942}"
EndProject
Project("{FAE04EC0-301F-11D3-BF4B-00C04F79EFBC}") = "RecapDemo1", "RecapDemo1\RecapDemo1.csproj", "{0C16F835-A970-4A0B-8ADF-2304C84173B8}"
EndProject
Project("{FAE04EC0-301F-11D3-BF4B-00C04F79EFBC}") = "Interfaces", "Interfaces\Interfaces.csproj", "{7EE0366E-A178-4354-897D-AF59D3AA3656}"
EndProject
Project("{FAE04EC0-301F-11D3-BF4B-00C04F79EFBC}") = "InterfacesDemo", "InterfacesDemo\InterfacesDemo.csproj", "{7E0224E0-626A-468B-9805-4715E7AB0C05}"
EndProject
Global
	GlobalSection(SolutionConfigurationPlatforms) = preSolution
		Debug|Any CPU = Debug|Any CPU
		Release|Any CPU = Release|Any CPU
	EndGlobalSection
	GlobalSection(ProjectConfigurationPlatforms) = postSolution
		{5D328ED1-2529-4B99-A13D-9B8EC975670B}.Debug|Any CPU.ActiveCfg = Debug|Any CPU
		{5D328ED1-2529-4B99-A13D-9B8EC975670B}.Debug|Any CPU.Build.0 = Debug|Any CPU
		{5D328ED1-2529-4B99-A13D-9B8EC975670B}.Release|Any CPU.ActiveCfg = Release|Any CPU
		{5D328ED1-2529-4B99-A13D-9B8EC975670B}.Release|Any CPU.Build.0 = Release|Any CPU
		{6872EA19-10DD-4A68-B14A-1A01B3DC8144}.Debug|Any CPU.ActiveCfg = Debug|Any CPU
		{6872EA19-10DD-4A68-B14A-1A01B3DC8144}.Debug|Any CPU.Build.0 = Debug|Any CPU
		{6872EA19-10DD-4A68-B14A-1A01B3DC8144}.Release|Any CPU.ActiveCfg = Release|Any CPU
		{6872EA19-10DD-4A68-B14A-1A01B3DC8144}.Release|Any CPU.Build.0 = Release|Any CPU
		{2A439516-B7F8-488E-8AE3-EC6D50B58730}.Debug|Any CPU.ActiveCfg = Debug|Any CPU
		{2A439516-B7F8-488E-8AE3-EC6D50B58730}.Debug|Any CPU.Build.0 = Debug|Any CPU
		{2A439516-B7F8-488E-8AE3-EC6D50B58730}.Release|Any CPU.ActiveCfg = Release|Any CPU
		{2A439516-B7F8-488E-8AE3-EC6D50B58730}.Release|Any CPU.Build.0 = Release|Any CPU
		{92D511C8-0D48-4943-A647-2A7A3FEF82DC}.Debug|Any CPU.ActiveCfg = Debug|Any CPU
		{92D511C8-0D48-4943-A647-2A7A3FEF82DC}.Debug|Any CPU.Build.0 = Debug|Any CPU
		{92D511C8-0D48-4943-A647-2A7A3FEF82DC}.Release|Any CPU.ActiveCfg = Release|Any CPU
		{92D511C8-0D48-4943-A647-2A7A3FEF82DC}.Release|Any CPU.Build.0 = Release|Any CPU
		{4ABEA08B-A9E3-4B26-8477-A7CE45DC5237}.Debug|Any CPU.ActiveCfg = Debug|Any CPU
		{4ABEA08B-A9E3-4B26-8477-A7CE45DC5237}.Debug|Any CPU.Build.0 = Debug|Any CPU
		{4ABEA08B-A9E3-4B26-8477-A7CE45DC5237}.Release|Any CPU.ActiveCfg = Release|Any CPU
		{4ABEA08B-A9E3-4B26-8477-A7CE45DC5237}.Release|Any CPU.Build.0 = Release|Any CPU
		{F1348698-5756-4013-ACB5-9647815BB0F5}.Debug|Any CPU.ActiveCfg = Debug|Any CPU
		{F1348698-5756-4013-ACB5-9647815BB0F5}.Debug|Any CPU.Build.0 = Debug|Any CPU
		{F1348698-5756-4013-ACB5-9647815BB0F5}.Release|Any CPU.ActiveCfg = Release|Any CPU
		{F1348698-5756-4013-ACB5-9647815BB0F5}.Release|Any CPU.Build.0 = Release|Any CPU
		{78196ED2-E585-4859-9CBE-4BBC779B07BD}.Debug|Any CPU.ActiveCfg = Debug|Any CPU
		{78196ED2-E585-4859-9CBE-4BBC779B07BD}.Debug|Any CPU.Build.0 = Debug|Any CPU
		{78196ED2-E585-4859-9CBE-4BBC779B07BD}.Release|Any CPU.ActiveCfg = Release|Any CPU
		{78196ED2-E585-4859-9CBE-4BBC779B07BD}.Release|Any CPU.Build.0 = Release|Any CPU
		{46654470-174B-482A-80A1-F55174865942}.Debug|Any CPU.ActiveCfg = Debug|Any CPU
		{46654470-174B-482A-80A1-F55174865942}.Debug|Any CPU.Build.0 = Debug|Any CPU
		{46654470-174B-482A-80A1-F55174865942}.Release|Any CPU.ActiveCfg = Release|Any CPU
		{46654470-174B-482A-80A1-F55174865942}.Release|Any CPU.Build.0 = Release|Any CPU
		{0C16F835-A970-4A0B-8ADF-2304C84173B8}.Debug|Any CPU.ActiveCfg = Debug|Any CPU
		{0C16F835-A970-4A0B-8ADF-2304C84173B8}.Debug|Any CPU.Build.0 = Debug|Any CPU
		{0C16F835-A970-4A0B-8ADF-2304C84173B8}.Release|Any CPU.ActiveCfg = Release|Any CPU
		{0C16F835-A970-4A0B-8ADF-2304C84173B8}.Release|Any CPU.Build.0 = Release|Any CPU
		{7EE0366E-A178-4354-897D-AF59D3AA3656}.Debug|Any CPU.ActiveCfg = Debug|Any CPU
		{7EE0366E-A178-4354-897D-AF59D3AA3656}.Debug|Any CPU.Build.0 = Debug|Any CPU
		{7EE0366E-A178-4354-897D-AF59D3AA3656}.Release|Any CPU.ActiveCfg = Release|Any CPU
		{7EE0366E-A178-4354-897D-AF59D3AA3656}.Release|Any CPU.Build.0 = Release|Any CPU
		{7E0224E0-626A-468B-9805-4715E7AB0C05}.Debug|Any CPU.ActiveCfg = Debug|Any CPU
		{7E0224E0-626A-468B-9805-4715E7AB0C05}.Debug|Any CPU.Build.0 = Debug|Any CPU
		{7E0224E0-626A-468B-9805-4715E7AB0C05}.Release|Any CPU.ActiveCfg = Release|Any CPU
		{7E0224E0-626A-468B-9805-4715E7AB0C05}.Release|Any CPU.Build.0 = Release|Any CPU
	EndGlobalSection
	GlobalSection(SolutionProperties) = preSolution
		HideSolutionNode = FALSE
	EndGlobalSection
	GlobalSection(ExtensibilityGlobals) = postSolution
		SolutionGuid = {1FB8A72C-69A3-41E1-8570-D9A5344600DF}
	EndGlobalSection
EndGlobal
