
Microsoft Visual Studio Solution File, Format Version 12.00
# Visual Studio Version 16
VisualStudioVersion = 16.0.32126.315
MinimumVisualStudioVersion = 10.0.40219.1
Project("{9A19103F-16F7-4668-BE54-9A1E7A4F7556}") = "DataAccess", "DataAccess\DataAccess.csproj", "{39E12D10-694A-4830-8A19-5EA41F5D7EF2}"
EndProject
Project("{9A19103F-16F7-4668-BE54-9A1E7A4F7556}") = "Business", "Business\Business.csproj", "{1E91A10A-16B3-40FB-98BE-09FF216BE15C}"
EndProject
Project("{9A19103F-16F7-4668-BE54-9A1E7A4F7556}") = "Entities", "Entities\Entities.csproj", "{398E96FF-10D2-4BED-B038-A9A528FB1433}"
EndProject
Project("{9A19103F-16F7-4668-BE54-9A1E7A4F7556}") = "ConsoleUI", "ConsoleUI\ConsoleUI.csproj", "{99FF4C11-6F8B-4FC3-AA3D-2F4B6DFF3A0A}"
EndProject
Project("{9A19103F-16F7-4668-BE54-9A1E7A4F7556}") = "Core", "Core\Core.csproj", "{4503C597-54C8-47D1-8D3C-4524504BD546}"
EndProject
Project("{FAE04EC0-301F-11D3-BF4B-00C04F79EFBC}") = "WebAPI", "WebAPI\WebAPI.csproj", "{F84ACB7B-42D3-46D7-B4AE-BBF1B6ED887F}"
EndProject
Global
	GlobalSection(SolutionConfigurationPlatforms) = preSolution
		Debug|Any CPU = Debug|Any CPU
		Release|Any CPU = Release|Any CPU
	EndGlobalSection
	GlobalSection(ProjectConfigurationPlatforms) = postSolution
		{39E12D10-694A-4830-8A19-5EA41F5D7EF2}.Debug|Any CPU.ActiveCfg = Debug|Any CPU
		{39E12D10-694A-4830-8A19-5EA41F5D7EF2}.Debug|Any CPU.Build.0 = Debug|Any CPU
		{39E12D10-694A-4830-8A19-5EA41F5D7EF2}.Release|Any CPU.ActiveCfg = Release|Any CPU
		{39E12D10-694A-4830-8A19-5EA41F5D7EF2}.Release|Any CPU.Build.0 = Release|Any CPU
		{1E91A10A-16B3-40FB-98BE-09FF216BE15C}.Debug|Any CPU.ActiveCfg = Debug|Any CPU
		{1E91A10A-16B3-40FB-98BE-09FF216BE15C}.Debug|Any CPU.Build.0 = Debug|Any CPU
		{1E91A10A-16B3-40FB-98BE-09FF216BE15C}.Release|Any CPU.ActiveCfg = Release|Any CPU
		{1E91A10A-16B3-40FB-98BE-09FF216BE15C}.Release|Any CPU.Build.0 = Release|Any CPU
		{398E96FF-10D2-4BED-B038-A9A528FB1433}.Debug|Any CPU.ActiveCfg = Debug|Any CPU
		{398E96FF-10D2-4BED-B038-A9A528FB1433}.Debug|Any CPU.Build.0 = Debug|Any CPU
		{398E96FF-10D2-4BED-B038-A9A528FB1433}.Release|Any CPU.ActiveCfg = Release|Any CPU
		{398E96FF-10D2-4BED-B038-A9A528FB1433}.Release|Any CPU.Build.0 = Release|Any CPU
		{99FF4C11-6F8B-4FC3-AA3D-2F4B6DFF3A0A}.Debug|Any CPU.ActiveCfg = Debug|Any CPU
		{99FF4C11-6F8B-4FC3-AA3D-2F4B6DFF3A0A}.Debug|Any CPU.Build.0 = Debug|Any CPU
		{99FF4C11-6F8B-4FC3-AA3D-2F4B6DFF3A0A}.Release|Any CPU.ActiveCfg = Release|Any CPU
		{99FF4C11-6F8B-4FC3-AA3D-2F4B6DFF3A0A}.Release|Any CPU.Build.0 = Release|Any CPU
		{4503C597-54C8-47D1-8D3C-4524504BD546}.Debug|Any CPU.ActiveCfg = Debug|Any CPU
		{4503C597-54C8-47D1-8D3C-4524504BD546}.Debug|Any CPU.Build.0 = Debug|Any CPU
		{4503C597-54C8-47D1-8D3C-4524504BD546}.Release|Any CPU.ActiveCfg = Release|Any CPU
		{4503C597-54C8-47D1-8D3C-4524504BD546}.Release|Any CPU.Build.0 = Release|Any CPU
		{F84ACB7B-42D3-46D7-B4AE-BBF1B6ED887F}.Debug|Any CPU.ActiveCfg = Debug|Any CPU
		{F84ACB7B-42D3-46D7-B4AE-BBF1B6ED887F}.Debug|Any CPU.Build.0 = Debug|Any CPU
		{F84ACB7B-42D3-46D7-B4AE-BBF1B6ED887F}.Release|Any CPU.ActiveCfg = Release|Any CPU
		{F84ACB7B-42D3-46D7-B4AE-BBF1B6ED887F}.Release|Any CPU.Build.0 = Release|Any CPU
	EndGlobalSection
	GlobalSection(SolutionProperties) = preSolution
		HideSolutionNode = FALSE
	EndGlobalSection
	GlobalSection(ExtensibilityGlobals) = postSolution
		SolutionGuid = {46081CE8-E232-48E7-B3E8-41D57D5086AB}
	EndGlobalSection
EndGlobal
