
Microsoft Visual Studio Solution File, Format Version 12.00
# Visual Studio Version 17
VisualStudioVersion = 17.1.32328.378
MinimumVisualStudioVersion = 10.0.40219.1
Project("{2150E333-8FDC-42A3-9474-1A3956D46DE8}") = "src", "src", "{6F02694D-5DB1-4553-BC14-A2A02358AD95}"
	ProjectSection(SolutionItems) = preProject
		.gitignore = .gitignore
	EndProjectSection
EndProject
Project("{2150E333-8FDC-42A3-9474-1A3956D46DE8}") = "Solution Items", "Solution Items", "{FF56EDE7-AB46-4E7E-A3B0-8B1D57010774}"
	ProjectSection(SolutionItems) = preProject
		ServiceUrls.txt = ServiceUrls.txt
	EndProjectSection
EndProject
Project("{2150E333-8FDC-42A3-9474-1A3956D46DE8}") = "ApiGateways", "ApiGateways", "{FC1B37BF-8A9D-4BAB-9419-6E48A47CF832}"
EndProject
Project("{2150E333-8FDC-42A3-9474-1A3956D46DE8}") = "BuildingBlocks", "BuildingBlocks", "{F2C9931C-3246-40F1-8C8B-252C31F9D2C9}"
EndProject
Project("{2150E333-8FDC-42A3-9474-1A3956D46DE8}") = "Services", "Services", "{D858EDA7-7235-4614-9105-1C30D0E246D3}"
EndProject
Project("{2150E333-8FDC-42A3-9474-1A3956D46DE8}") = "Clients", "Clients", "{01DB499A-4B3F-4644-BC9B-4530409C91E3}"
EndProject
Project("{2150E333-8FDC-42A3-9474-1A3956D46DE8}") = "BlazorWebApp", "BlazorWebApp", "{1E913891-261B-4969-A948-B1765358F940}"
EndProject
Project("{2150E333-8FDC-42A3-9474-1A3956D46DE8}") = "WebApiGateway", "WebApiGateway", "{A3856577-FE00-4796-977C-6452ED804BF4}"
EndProject
Project("{9A19103F-16F7-4668-BE54-9A1E7A4F7556}") = "Web.ApiGateway", "src\ApiGateways\WebApiGateway\Web.ApiGateway\Web.ApiGateway.csproj", "{ACB9E40C-EFCD-47DB-A54D-159D58491894}"
EndProject
Project("{2150E333-8FDC-42A3-9474-1A3956D46DE8}") = "EventBus", "EventBus", "{C149055F-C3B7-47C6-B717-C2B30D3FDA26}"
EndProject
Project("{9A19103F-16F7-4668-BE54-9A1E7A4F7556}") = "EventBus.Base", "src\BuildingBlocks\EventBus\EventBus.Base\EventBus.Base.csproj", "{0091D159-3779-4B3D-ADF3-B724F3710044}"
EndProject
Project("{9A19103F-16F7-4668-BE54-9A1E7A4F7556}") = "EventBus.Factory", "src\BuildingBlocks\EventBus\EventBus.Factory\EventBus.Factory.csproj", "{476A1C22-ABB9-4B2F-BAEF-9B8346147420}"
EndProject
Project("{9A19103F-16F7-4668-BE54-9A1E7A4F7556}") = "EventBus.AzureServiceBus", "src\BuildingBlocks\EventBus\EventBus.AzureServiceBus\EventBus.AzureServiceBus.csproj", "{C97DE94E-5587-4365-82BD-39968CB75FB9}"
EndProject
Project("{9A19103F-16F7-4668-BE54-9A1E7A4F7556}") = "EventBus.RabbitMQ", "src\BuildingBlocks\EventBus\EventBus.RabbitMQ\EventBus.RabbitMQ.csproj", "{8AE985E6-BD03-4FC9-A431-16D538E8B10A}"
EndProject
Project("{2150E333-8FDC-42A3-9474-1A3956D46DE8}") = "BasketService", "BasketService", "{5EEA8850-AFA8-4553-BA38-D0F864BA4E3B}"
EndProject
Project("{9A19103F-16F7-4668-BE54-9A1E7A4F7556}") = "BasketService.Api", "src\Services\BasketService\BasketService.Api\BasketService.Api.csproj", "{02DD3094-412A-4BD1-92EC-C889F0E3DCAC}"
EndProject
Project("{2150E333-8FDC-42A3-9474-1A3956D46DE8}") = "CatalogService", "CatalogService", "{50A25230-1748-413E-9590-6E421182E56F}"
EndProject
Project("{9A19103F-16F7-4668-BE54-9A1E7A4F7556}") = "CatalogService.Api", "src\Services\CatalogService\CatalogService.Api\CatalogService.Api.csproj", "{30DF4A3C-B9F6-417C-8117-613D4CCE1716}"
EndProject
Project("{2150E333-8FDC-42A3-9474-1A3956D46DE8}") = "IdentityService", "IdentityService", "{25068D80-F209-4485-856D-DFE67510BC6C}"
EndProject
Project("{9A19103F-16F7-4668-BE54-9A1E7A4F7556}") = "IdentityService.Api", "src\Services\IdentityService\IdentityService.Api\IdentityService.Api.csproj", "{1F2888BB-2052-4F4A-9E4E-417F3234602E}"
EndProject
Project("{2150E333-8FDC-42A3-9474-1A3956D46DE8}") = "NotificationService", "NotificationService", "{D70A2041-3141-488A-97DE-A38EBC5A5749}"
EndProject
Project("{9A19103F-16F7-4668-BE54-9A1E7A4F7556}") = "NotificationService", "src\Services\NotificationService\NotificationService\NotificationService.csproj", "{76DB5EBF-7EF3-4371-8280-FD67DE714101}"
EndProject
Project("{2150E333-8FDC-42A3-9474-1A3956D46DE8}") = "OrderService", "OrderService", "{B091D738-B650-473A-A690-38BED8932228}"
EndProject
Project("{9A19103F-16F7-4668-BE54-9A1E7A4F7556}") = "OrderService.Domain", "src\Services\OrderService\OrderService.Domain\OrderService.Domain.csproj", "{C6DC9022-8EA5-4C19-875B-7B61553C4D96}"
EndProject
Project("{9A19103F-16F7-4668-BE54-9A1E7A4F7556}") = "OrderService.Application", "src\Services\OrderService\OrderService.Application\OrderService.Application.csproj", "{D22CDC19-9CC3-4F33-9018-5395C0B481AF}"
EndProject
Project("{9A19103F-16F7-4668-BE54-9A1E7A4F7556}") = "OrderService.Infrastructure", "src\Services\OrderService\OrderService.Infrastructure\OrderService.Infrastructure.csproj", "{68E4906B-145D-4E3D-BC38-8687A660CC15}"
EndProject
Project("{9A19103F-16F7-4668-BE54-9A1E7A4F7556}") = "OrderService.Api", "src\Services\OrderService\OrderService.Api\OrderService.Api.csproj", "{DBC1D2BD-9641-417F-87FF-2BC40CAB5A5A}"
EndProject
Project("{2150E333-8FDC-42A3-9474-1A3956D46DE8}") = "PaymentService", "PaymentService", "{24FC7EA4-CF4C-4B6C-B941-35009CE954AF}"
EndProject
Project("{9A19103F-16F7-4668-BE54-9A1E7A4F7556}") = "PaymentService.Api", "src\Services\PaymentService\PaymentService.Api\PaymentService.Api.csproj", "{D95652A5-096B-4993-ACB9-CA5B553AFA12}"
EndProject
Project("{9A19103F-16F7-4668-BE54-9A1E7A4F7556}") = "WebApp", "src\Clients\BlazorWebApp\WebApp\WebApp.csproj", "{81FFD48D-EA53-4ACB-90A9-1ED331C81B27}"
EndProject
Project("{2150E333-8FDC-42A3-9474-1A3956D46DE8}") = "tests", "tests", "{46A9143A-9BCF-4575-91A2-AE134D339385}"
EndProject
Project("{2150E333-8FDC-42A3-9474-1A3956D46DE8}") = "BuildingBlocks", "BuildingBlocks", "{10DD05F4-45A9-45EF-AC89-CE26A7F8DCAB}"
EndProject
Project("{9A19103F-16F7-4668-BE54-9A1E7A4F7556}") = "EventBus.UnitTest", "tests\BuildingBlocks\EventBus.UnitTest\EventBus.UnitTest.csproj", "{3B121B16-0A17-48FC-B869-DA13D153762F}"
EndProject
Global
	GlobalSection(SolutionConfigurationPlatforms) = preSolution
		Debug|Any CPU = Debug|Any CPU
		Release|Any CPU = Release|Any CPU
	EndGlobalSection
	GlobalSection(ProjectConfigurationPlatforms) = postSolution
		{ACB9E40C-EFCD-47DB-A54D-159D58491894}.Debug|Any CPU.ActiveCfg = Debug|Any CPU
		{ACB9E40C-EFCD-47DB-A54D-159D58491894}.Debug|Any CPU.Build.0 = Debug|Any CPU
		{ACB9E40C-EFCD-47DB-A54D-159D58491894}.Release|Any CPU.ActiveCfg = Release|Any CPU
		{ACB9E40C-EFCD-47DB-A54D-159D58491894}.Release|Any CPU.Build.0 = Release|Any CPU
		{0091D159-3779-4B3D-ADF3-B724F3710044}.Debug|Any CPU.ActiveCfg = Debug|Any CPU
		{0091D159-3779-4B3D-ADF3-B724F3710044}.Debug|Any CPU.Build.0 = Debug|Any CPU
		{0091D159-3779-4B3D-ADF3-B724F3710044}.Release|Any CPU.ActiveCfg = Release|Any CPU
		{0091D159-3779-4B3D-ADF3-B724F3710044}.Release|Any CPU.Build.0 = Release|Any CPU
		{476A1C22-ABB9-4B2F-BAEF-9B8346147420}.Debug|Any CPU.ActiveCfg = Debug|Any CPU
		{476A1C22-ABB9-4B2F-BAEF-9B8346147420}.Debug|Any CPU.Build.0 = Debug|Any CPU
		{476A1C22-ABB9-4B2F-BAEF-9B8346147420}.Release|Any CPU.ActiveCfg = Release|Any CPU
		{476A1C22-ABB9-4B2F-BAEF-9B8346147420}.Release|Any CPU.Build.0 = Release|Any CPU
		{C97DE94E-5587-4365-82BD-39968CB75FB9}.Debug|Any CPU.ActiveCfg = Debug|Any CPU
		{C97DE94E-5587-4365-82BD-39968CB75FB9}.Debug|Any CPU.Build.0 = Debug|Any CPU
		{C97DE94E-5587-4365-82BD-39968CB75FB9}.Release|Any CPU.ActiveCfg = Release|Any CPU
		{C97DE94E-5587-4365-82BD-39968CB75FB9}.Release|Any CPU.Build.0 = Release|Any CPU
		{8AE985E6-BD03-4FC9-A431-16D538E8B10A}.Debug|Any CPU.ActiveCfg = Debug|Any CPU
		{8AE985E6-BD03-4FC9-A431-16D538E8B10A}.Debug|Any CPU.Build.0 = Debug|Any CPU
		{8AE985E6-BD03-4FC9-A431-16D538E8B10A}.Release|Any CPU.ActiveCfg = Release|Any CPU
		{8AE985E6-BD03-4FC9-A431-16D538E8B10A}.Release|Any CPU.Build.0 = Release|Any CPU
		{02DD3094-412A-4BD1-92EC-C889F0E3DCAC}.Debug|Any CPU.ActiveCfg = Debug|Any CPU
		{02DD3094-412A-4BD1-92EC-C889F0E3DCAC}.Debug|Any CPU.Build.0 = Debug|Any CPU
		{02DD3094-412A-4BD1-92EC-C889F0E3DCAC}.Release|Any CPU.ActiveCfg = Release|Any CPU
		{02DD3094-412A-4BD1-92EC-C889F0E3DCAC}.Release|Any CPU.Build.0 = Release|Any CPU
		{30DF4A3C-B9F6-417C-8117-613D4CCE1716}.Debug|Any CPU.ActiveCfg = Debug|Any CPU
		{30DF4A3C-B9F6-417C-8117-613D4CCE1716}.Debug|Any CPU.Build.0 = Debug|Any CPU
		{30DF4A3C-B9F6-417C-8117-613D4CCE1716}.Release|Any CPU.ActiveCfg = Release|Any CPU
		{30DF4A3C-B9F6-417C-8117-613D4CCE1716}.Release|Any CPU.Build.0 = Release|Any CPU
		{1F2888BB-2052-4F4A-9E4E-417F3234602E}.Debug|Any CPU.ActiveCfg = Debug|Any CPU
		{1F2888BB-2052-4F4A-9E4E-417F3234602E}.Debug|Any CPU.Build.0 = Debug|Any CPU
		{1F2888BB-2052-4F4A-9E4E-417F3234602E}.Release|Any CPU.ActiveCfg = Release|Any CPU
		{1F2888BB-2052-4F4A-9E4E-417F3234602E}.Release|Any CPU.Build.0 = Release|Any CPU
		{76DB5EBF-7EF3-4371-8280-FD67DE714101}.Debug|Any CPU.ActiveCfg = Debug|Any CPU
		{76DB5EBF-7EF3-4371-8280-FD67DE714101}.Debug|Any CPU.Build.0 = Debug|Any CPU
		{76DB5EBF-7EF3-4371-8280-FD67DE714101}.Release|Any CPU.ActiveCfg = Release|Any CPU
		{76DB5EBF-7EF3-4371-8280-FD67DE714101}.Release|Any CPU.Build.0 = Release|Any CPU
		{C6DC9022-8EA5-4C19-875B-7B61553C4D96}.Debug|Any CPU.ActiveCfg = Debug|Any CPU
		{C6DC9022-8EA5-4C19-875B-7B61553C4D96}.Debug|Any CPU.Build.0 = Debug|Any CPU
		{C6DC9022-8EA5-4C19-875B-7B61553C4D96}.Release|Any CPU.ActiveCfg = Release|Any CPU
		{C6DC9022-8EA5-4C19-875B-7B61553C4D96}.Release|Any CPU.Build.0 = Release|Any CPU
		{D22CDC19-9CC3-4F33-9018-5395C0B481AF}.Debug|Any CPU.ActiveCfg = Debug|Any CPU
		{D22CDC19-9CC3-4F33-9018-5395C0B481AF}.Debug|Any CPU.Build.0 = Debug|Any CPU
		{D22CDC19-9CC3-4F33-9018-5395C0B481AF}.Release|Any CPU.ActiveCfg = Release|Any CPU
		{D22CDC19-9CC3-4F33-9018-5395C0B481AF}.Release|Any CPU.Build.0 = Release|Any CPU
		{68E4906B-145D-4E3D-BC38-8687A660CC15}.Debug|Any CPU.ActiveCfg = Debug|Any CPU
		{68E4906B-145D-4E3D-BC38-8687A660CC15}.Debug|Any CPU.Build.0 = Debug|Any CPU
		{68E4906B-145D-4E3D-BC38-8687A660CC15}.Release|Any CPU.ActiveCfg = Release|Any CPU
		{68E4906B-145D-4E3D-BC38-8687A660CC15}.Release|Any CPU.Build.0 = Release|Any CPU
		{DBC1D2BD-9641-417F-87FF-2BC40CAB5A5A}.Debug|Any CPU.ActiveCfg = Debug|Any CPU
		{DBC1D2BD-9641-417F-87FF-2BC40CAB5A5A}.Debug|Any CPU.Build.0 = Debug|Any CPU
		{DBC1D2BD-9641-417F-87FF-2BC40CAB5A5A}.Release|Any CPU.ActiveCfg = Release|Any CPU
		{DBC1D2BD-9641-417F-87FF-2BC40CAB5A5A}.Release|Any CPU.Build.0 = Release|Any CPU
		{D95652A5-096B-4993-ACB9-CA5B553AFA12}.Debug|Any CPU.ActiveCfg = Debug|Any CPU
		{D95652A5-096B-4993-ACB9-CA5B553AFA12}.Debug|Any CPU.Build.0 = Debug|Any CPU
		{D95652A5-096B-4993-ACB9-CA5B553AFA12}.Release|Any CPU.ActiveCfg = Release|Any CPU
		{D95652A5-096B-4993-ACB9-CA5B553AFA12}.Release|Any CPU.Build.0 = Release|Any CPU
		{81FFD48D-EA53-4ACB-90A9-1ED331C81B27}.Debug|Any CPU.ActiveCfg = Debug|Any CPU
		{81FFD48D-EA53-4ACB-90A9-1ED331C81B27}.Debug|Any CPU.Build.0 = Debug|Any CPU
		{81FFD48D-EA53-4ACB-90A9-1ED331C81B27}.Release|Any CPU.ActiveCfg = Release|Any CPU
		{81FFD48D-EA53-4ACB-90A9-1ED331C81B27}.Release|Any CPU.Build.0 = Release|Any CPU
		{3B121B16-0A17-48FC-B869-DA13D153762F}.Debug|Any CPU.ActiveCfg = Debug|Any CPU
		{3B121B16-0A17-48FC-B869-DA13D153762F}.Debug|Any CPU.Build.0 = Debug|Any CPU
		{3B121B16-0A17-48FC-B869-DA13D153762F}.Release|Any CPU.ActiveCfg = Release|Any CPU
		{3B121B16-0A17-48FC-B869-DA13D153762F}.Release|Any CPU.Build.0 = Release|Any CPU
	EndGlobalSection
	GlobalSection(SolutionProperties) = preSolution
		HideSolutionNode = FALSE
	EndGlobalSection
	GlobalSection(NestedProjects) = preSolution
		{FC1B37BF-8A9D-4BAB-9419-6E48A47CF832} = {6F02694D-5DB1-4553-BC14-A2A02358AD95}
		{F2C9931C-3246-40F1-8C8B-252C31F9D2C9} = {6F02694D-5DB1-4553-BC14-A2A02358AD95}
		{D858EDA7-7235-4614-9105-1C30D0E246D3} = {6F02694D-5DB1-4553-BC14-A2A02358AD95}
		{01DB499A-4B3F-4644-BC9B-4530409C91E3} = {6F02694D-5DB1-4553-BC14-A2A02358AD95}
		{1E913891-261B-4969-A948-B1765358F940} = {01DB499A-4B3F-4644-BC9B-4530409C91E3}
		{A3856577-FE00-4796-977C-6452ED804BF4} = {FC1B37BF-8A9D-4BAB-9419-6E48A47CF832}
		{ACB9E40C-EFCD-47DB-A54D-159D58491894} = {A3856577-FE00-4796-977C-6452ED804BF4}
		{C149055F-C3B7-47C6-B717-C2B30D3FDA26} = {F2C9931C-3246-40F1-8C8B-252C31F9D2C9}
		{0091D159-3779-4B3D-ADF3-B724F3710044} = {C149055F-C3B7-47C6-B717-C2B30D3FDA26}
		{476A1C22-ABB9-4B2F-BAEF-9B8346147420} = {C149055F-C3B7-47C6-B717-C2B30D3FDA26}
		{C97DE94E-5587-4365-82BD-39968CB75FB9} = {C149055F-C3B7-47C6-B717-C2B30D3FDA26}
		{8AE985E6-BD03-4FC9-A431-16D538E8B10A} = {C149055F-C3B7-47C6-B717-C2B30D3FDA26}
		{5EEA8850-AFA8-4553-BA38-D0F864BA4E3B} = {D858EDA7-7235-4614-9105-1C30D0E246D3}
		{02DD3094-412A-4BD1-92EC-C889F0E3DCAC} = {5EEA8850-AFA8-4553-BA38-D0F864BA4E3B}
		{50A25230-1748-413E-9590-6E421182E56F} = {D858EDA7-7235-4614-9105-1C30D0E246D3}
		{30DF4A3C-B9F6-417C-8117-613D4CCE1716} = {50A25230-1748-413E-9590-6E421182E56F}
		{25068D80-F209-4485-856D-DFE67510BC6C} = {D858EDA7-7235-4614-9105-1C30D0E246D3}
		{1F2888BB-2052-4F4A-9E4E-417F3234602E} = {25068D80-F209-4485-856D-DFE67510BC6C}
		{D70A2041-3141-488A-97DE-A38EBC5A5749} = {D858EDA7-7235-4614-9105-1C30D0E246D3}
		{76DB5EBF-7EF3-4371-8280-FD67DE714101} = {D70A2041-3141-488A-97DE-A38EBC5A5749}
		{B091D738-B650-473A-A690-38BED8932228} = {D858EDA7-7235-4614-9105-1C30D0E246D3}
		{C6DC9022-8EA5-4C19-875B-7B61553C4D96} = {B091D738-B650-473A-A690-38BED8932228}
		{D22CDC19-9CC3-4F33-9018-5395C0B481AF} = {B091D738-B650-473A-A690-38BED8932228}
		{68E4906B-145D-4E3D-BC38-8687A660CC15} = {B091D738-B650-473A-A690-38BED8932228}
		{DBC1D2BD-9641-417F-87FF-2BC40CAB5A5A} = {B091D738-B650-473A-A690-38BED8932228}
		{24FC7EA4-CF4C-4B6C-B941-35009CE954AF} = {D858EDA7-7235-4614-9105-1C30D0E246D3}
		{D95652A5-096B-4993-ACB9-CA5B553AFA12} = {24FC7EA4-CF4C-4B6C-B941-35009CE954AF}
		{81FFD48D-EA53-4ACB-90A9-1ED331C81B27} = {1E913891-261B-4969-A948-B1765358F940}
		{10DD05F4-45A9-45EF-AC89-CE26A7F8DCAB} = {46A9143A-9BCF-4575-91A2-AE134D339385}
		{3B121B16-0A17-48FC-B869-DA13D153762F} = {10DD05F4-45A9-45EF-AC89-CE26A7F8DCAB}
	EndGlobalSection
	GlobalSection(ExtensibilityGlobals) = postSolution
		SolutionGuid = {C7758F60-F146-4B54-8517-03DDEA50D154}
	EndGlobalSection
EndGlobal
